
Microsoft Visual Studio Solution File, Format Version 12.00
# Visual Studio 15
VisualStudioVersion = 15.0.28307.106
MinimumVisualStudioVersion = 10.0.40219.1
Project("{FAE04EC0-301F-11D3-BF4B-00C04F79EFBC}") = "Sudoku", "ClassLibrary2\Sudoku.csproj", "{4C0D1FEA-3344-4977-9334-D5D8E13EE2E2}"
EndProject
Project("{FAE04EC0-301F-11D3-BF4B-00C04F79EFBC}") = "SudokuTests", "SudokuTests\SudokuTests.csproj", "{FF6A73C1-E483-4733-A51D-77B4B8886F28}"
EndProject
Project("{FAE04EC0-301F-11D3-BF4B-00C04F79EFBC}") = "SudokuUI", "SudokuUI\SudokuUI.csproj", "{DD819D92-C374-45FE-99B9-3C7AAB28837F}"
EndProject
Project("{2150E333-8FDC-42A3-9474-1A3956D46DE8}") = "Docs", "Docs", "{B87D6819-981C-4EC7-AB13-C118C64EBC2B}"
	ProjectSection(SolutionItems) = preProject
		ReadMe.txt = ReadMe.txt
	EndProjectSection
EndProject
Global
	GlobalSection(SolutionConfigurationPlatforms) = preSolution
		Debug|Any CPU = Debug|Any CPU
		Release|Any CPU = Release|Any CPU
	EndGlobalSection
	GlobalSection(ProjectConfigurationPlatforms) = postSolution
		{4C0D1FEA-3344-4977-9334-D5D8E13EE2E2}.Debug|Any CPU.ActiveCfg = Debug|Any CPU
		{4C0D1FEA-3344-4977-9334-D5D8E13EE2E2}.Debug|Any CPU.Build.0 = Debug|Any CPU
		{4C0D1FEA-3344-4977-9334-D5D8E13EE2E2}.Release|Any CPU.ActiveCfg = Release|Any CPU
		{4C0D1FEA-3344-4977-9334-D5D8E13EE2E2}.Release|Any CPU.Build.0 = Release|Any CPU
		{FF6A73C1-E483-4733-A51D-77B4B8886F28}.Debug|Any CPU.ActiveCfg = Debug|Any CPU
		{FF6A73C1-E483-4733-A51D-77B4B8886F28}.Debug|Any CPU.Build.0 = Debug|Any CPU
		{FF6A73C1-E483-4733-A51D-77B4B8886F28}.Release|Any CPU.ActiveCfg = Release|Any CPU
		{FF6A73C1-E483-4733-A51D-77B4B8886F28}.Release|Any CPU.Build.0 = Release|Any CPU
		{DD819D92-C374-45FE-99B9-3C7AAB28837F}.Debug|Any CPU.ActiveCfg = Debug|Any CPU
		{DD819D92-C374-45FE-99B9-3C7AAB28837F}.Debug|Any CPU.Build.0 = Debug|Any CPU
		{DD819D92-C374-45FE-99B9-3C7AAB28837F}.Release|Any CPU.ActiveCfg = Release|Any CPU
		{DD819D92-C374-45FE-99B9-3C7AAB28837F}.Release|Any CPU.Build.0 = Release|Any CPU
	EndGlobalSection
	GlobalSection(SolutionProperties) = preSolution
		HideSolutionNode = FALSE
	EndGlobalSection
	GlobalSection(ExtensibilityGlobals) = postSolution
		SolutionGuid = {0C9BFF4C-BCA6-4C25-AD47-31C33B601713}
	EndGlobalSection
EndGlobal
